lockfileVersion: '9.0'

settings:
  autoInstallPeers: true
  excludeLinksFromLockfile: false

importers:

  .:
    devDependencies:
      turbo:
        specifier: ^2.2.1
        version: 2.2.1

packages:

  turbo-darwin-64@2.2.1:
    resolution: {integrity: sha512-jltMdSQ+7rQDVaorjW729PCw6fwAn1MgZSdoa0Gil7GZCOF3SnR/ok0uJw6G5mdm6F5XM8ZTlz+mdGzBLuBRaA==}
    cpu: [x64]
    os: [darwin]

  turbo-darwin-arm64@2.2.1:
    resolution: {integrity: sha512-RHW0c1NonsJXXlutlZeunmhLanf0/WbeizFfYgWuTEaJE4MbbhyD/RG4Fm/7iob5kxQ4Es2TzfDPqyMqpIO0GA==}
    cpu: [arm64]
    os: [darwin]

  turbo-linux-64@2.2.1:
    resolution: {integrity: sha512-RasrjV+i2B90hoR8r6B2Btf2/ebNT5MJbhkpY0G1EN06E1IkjCKfAXj/1Dwmjy9+Zo0NC2r69L3HxRrtpar8jQ==}
    cpu: [x64]
    os: [linux]

  turbo-linux-arm64@2.2.1:
    resolution: {integrity: sha512-LNkUUJuu1gNkhlo7Ky/zilXEiajLoGlWLiKT1XV5neEf+x1s+aU9Hzd/+HhSVMiyI8l7z6zLbrM1a6+v4co/SQ==}
    cpu: [arm64]
    os: [linux]

  turbo-windows-64@2.2.1:
    resolution: {integrity: sha512-Mn5tlFrLzlQ6tW6wTWNlyT1osXuDUg0VT1VAjRpmRXlK2Zi3oKVVG0rs0nkkq4rmuheryD1xyuGPN9nFKbAn/A==}
    cpu: [x64]
    os: [win32]

  turbo-windows-arm64@2.2.1:
    resolution: {integrity: sha512-bvYOJ3SMN00yiem+uAqwRMbUMau/KiMzJYxnD0YkFo6INc08z8gZi5g0GLZAR7g/L3JegktX3UQW2cJvryjvLg==}
    cpu: [arm64]
    os: [win32]

  turbo@2.2.1:
    resolution: {integrity: sha512-clZFkh6U6NpsLKBVZYRjlZjRTfju1Z5STqvFVaOGu5443uM75alJe1nCYH9pQ9YJoiOvXAqA2rDHWN5kLS9JMg==}
    hasBin: true

snapshots:

  turbo-darwin-64@2.2.1:
    optional: true

  turbo-darwin-arm64@2.2.1:
    optional: true

  turbo-linux-64@2.2.1:
    optional: true

  turbo-linux-arm64@2.2.1:
    optional: true

  turbo-windows-64@2.2.1:
    optional: true

  turbo-windows-arm64@2.2.1:
    optional: true

  turbo@2.2.1:
    optionalDependencies:
      turbo-darwin-64: 2.2.1
      turbo-darwin-arm64: 2.2.1
      turbo-linux-64: 2.2.1
      turbo-linux-arm64: 2.2.1
      turbo-windows-64: 2.2.1
      turbo-windows-arm64: 2.2.1
